<?xml version="1.0" encoding="utf-8"?>
<Project ToolsVersion="4.0" xmlns="http://schemas.microsoft.com/developer/msbuild/2003">
  <ItemGroup>
    <Filter Include="Source Files">
      <UniqueIdentifier>{4FC737F1-C7A5-4376-A066-2A32D752A2FF}</UniqueIdentifier>
      <Extensions>cpp;c;cc;cxx;c++;cppm;ixx;def;odl;idl;hpj;bat;asm;asmx</Extensions>
    </Filter>
    <Filter Include="Header Files">
      <UniqueIdentifier>{93995380-89BD-4b04-88EB-625FBE52EBFB}</UniqueIdentifier>
      <Extensions>h;hh;hpp;hxx;h++;hm;inl;inc;ipp;xsd</Extensions>
    </Filter>
    <Filter Include="Resource Files">
      <UniqueIdentifier>{67DA6AB6-F800-4c08-8B7A-83BB121AAD01}</UniqueIdentifier>
      <Extensions>rc;ico;cur;bmp;dlg;rc2;rct;bin;rgs;gif;jpg;jpeg;jpe;resx;tiff;tif;png;wav;mfcribbon-ms</Extensions>
    </Filter>
  </ItemGroup>
  <ItemGroup>
    <ClCompile Include="executors\core.cpp">
      <Filter>Source Files</Filter>
    </ClCompile>
    <ClCompile Include="executors\deploy.cpp">
      <Filter>Source Files</Filter>
    </ClCompile>
    <ClCompile Include="executors\esp\box.cpp">
      <Filter>Source Files</Filter>
    </ClCompile>
    <ClCompile Include="executors\esp\name.cpp">
      <Filter>Source Files</Filter>
    </ClCompile>
    <ClCompile Include="executors\esp\distance.cpp">
      <Filter>Source Files</Filter>
    </ClCompile>
    <ClCompile Include="executors\esp\tracer.cpp">
      <Filter>Source Files</Filter>
    </ClCompile>
    <ClCompile Include="executors\esp\weapon.cpp">
      <Filter>Source Files</Filter>
    </ClCompile>
    <ClCompile Include="executors\esp\bounds.cpp">
      <Filter>Source Files</Filter>
    </ClCompile>
    <ClCompile Include="components\imgui\backend\imgui_impl_dx11.cpp">
      <Filter>Source Files</Filter>
    </ClCompile>
    <ClCompile Include="components\imgui\backend\imgui_impl_win32.cpp">
      <Filter>Source Files</Filter>
    </ClCompile>
    <ClCompile Include="components\imgui\renderer\imgui.cpp">
      <Filter>Source Files</Filter>
    </ClCompile>
    <ClCompile Include="components\imgui\renderer\imgui_demo.cpp">
      <Filter>Source Files</Filter>
    </ClCompile>
    <ClCompile Include="components\imgui\renderer\imgui_draw.cpp">
      <Filter>Source Files</Filter>
    </ClCompile>
    <ClCompile Include="components\imgui\renderer\imgui_tables.cpp">
      <Filter>Source Files</Filter>
    </ClCompile>
    <ClCompile Include="components\imgui\renderer\imgui_widgets.cpp">
      <Filter>Source Files</Filter>
    </ClCompile>
    <ClCompile Include="components\imgui\im_draw.cpp">
      <Filter>Source Files</Filter>
    </ClCompile>
    <ClCompile Include="main.cpp">
      <Filter>Source Files</Filter>
    </ClCompile>
    <ClCompile Include="components\bypass\cve\magic.cpp">
      <Filter>Source Files</Filter>
    </ClCompile>
    <ClCompile Include="components\bypass\cve\service.cpp">
      <Filter>Source Files</Filter>
    </ClCompile>
    <ClCompile Include="components\bypass\cve\utils.cpp">
      <Filter>Source Files</Filter>
    </ClCompile>
    <ClCompile Include="components\bypass\context.cpp">
      <Filter>Source Files</Filter>
    </ClCompile>
    <ClCompile Include="components\bypass\memory.cpp">
      <Filter>Source Files</Filter>
    </ClCompile>
  </ItemGroup>
  <ItemGroup>
    <ClInclude Include="components\linker\stdafx.hpp">
      <Filter>Header Files</Filter>
    </ClInclude>
    <ClInclude Include="components\linker\xorstr.hpp">
      <Filter>Header Files</Filter>
    </ClInclude>
    <ClInclude Include="components\linker\li.hpp">
      <Filter>Header Files</Filter>
    </ClInclude>
    <ClInclude Include="components\linker\jit.hpp">
      <Filter>Header Files</Filter>
    </ClInclude>
    <ClInclude Include="components\engine\actor.hpp">
      <Filter>Header Files</Filter>
    </ClInclude>
    <ClInclude Include="components\engine\matrices.hpp">
      <Filter>Header Files</Filter>
    </ClInclude>
    <ClInclude Include="components\engine\item.hpp">
      <Filter>Header Files</Filter>
    </ClInclude>
    <ClInclude Include="components\engine\offsets.hpp">
      <Filter>Header Files</Filter>
    </ClInclude>
    <ClInclude Include="components\imgui\backend\imgui_impl_dx11.h">
      <Filter>Header Files</Filter>
    </ClInclude>
    <ClInclude Include="components\imgui\backend\imgui_impl_win32.h">
      <Filter>Header Files</Filter>
    </ClInclude>
    <ClInclude Include="components\imgui\renderer\imconfig.h">
      <Filter>Header Files</Filter>
    </ClInclude>
    <ClInclude Include="components\imgui\renderer\imgui.h">
      <Filter>Header Files</Filter>
    </ClInclude>
    <ClInclude Include="components\imgui\renderer\imgui_internal.h">
      <Filter>Header Files</Filter>
    </ClInclude>
    <ClInclude Include="components\imgui\renderer\imstb_rectpack.h">
      <Filter>Header Files</Filter>
    </ClInclude>
    <ClInclude Include="components\imgui\renderer\imstb_textedit.h">
      <Filter>Header Files</Filter>
    </ClInclude>
    <ClInclude Include="components\imgui\renderer\imstb_truetype.h">
      <Filter>Header Files</Filter>
    </ClInclude>
    <ClInclude Include="components\imgui\im_draw.hpp">
      <Filter>Header Files</Filter>
    </ClInclude>
    <ClInclude Include="components\imgui\glyphs\pragma_font.hpp">
      <Filter>Header Files</Filter>
    </ClInclude>
    <ClInclude Include="components\engine\queue.hpp">
      <Filter>Header Files</Filter>
    </ClInclude>
    <ClInclude Include="components\authentication\authenticator.hpp">
      <Filter>Header Files</Filter>
    </ClInclude>
    <ClInclude Include="components\authentication\sk_str.hpp">
      <Filter>Header Files</Filter>
    </ClInclude>
    <ClInclude Include="components\themida\SecureEngineCustomVMs.h">
      <Filter>Header Files</Filter>
    </ClInclude>
    <ClInclude Include="components\themida\SecureEngineCustomVMs_BorlandC_inline.h">
      <Filter>Header Files</Filter>
    </ClInclude>
    <ClInclude Include="components\themida\SecureEngineCustomVMs_GNU_inline.h">
      <Filter>Header Files</Filter>
    </ClInclude>
    <ClInclude Include="components\themida\SecureEngineCustomVMs_ICL_inline.h">
      <Filter>Header Files</Filter>
    </ClInclude>
    <ClInclude Include="components\themida\SecureEngineCustomVMs_LCC_inline.h">
      <Filter>Header Files</Filter>
    </ClInclude>
    <ClInclude Include="components\themida\SecureEngineCustomVMs_VC_inline.h">
      <Filter>Header Files</Filter>
    </ClInclude>
    <ClInclude Include="components\themida\ThemidaSDK.h">
      <Filter>Header Files</Filter>
    </ClInclude>
    <ClInclude Include="components\bypass\cve\context.hpp">
      <Filter>Header Files</Filter>
    </ClInclude>
    <ClInclude Include="components\bypass\cve\kernel_exploit.hpp">
      <Filter>Header Files</Filter>
    </ClInclude>
    <ClInclude Include="components\bypass\cve\magic.hpp">
      <Filter>Header Files</Filter>
    </ClInclude>
    <ClInclude Include="components\bypass\cve\memory.hpp">
      <Filter>Header Files</Filter>
    </ClInclude>
    <ClInclude Include="components\bypass\cve\nt.hpp">
      <Filter>Header Files</Filter>
    </ClInclude>
    <ClInclude Include="components\bypass\cve\service.hpp">
      <Filter>Header Files</Filter>
    </ClInclude>
    <ClInclude Include="components\bypass\cve\utils.hpp">
      <Filter>Header Files</Filter>
    </ClInclude>
    <ClInclude Include="components\imgui\menu\on_paint.hpp">
      <Filter>Header Files</Filter>
    </ClInclude>
    <ClInclude Include="components\engine\function.hpp">
      <Filter>Header Files</Filter>
    </ClInclude>
    <ClInclude Include="components\engine\mouse.h">
      <Filter>Header Files</Filter>
    </ClInclude>
    <ClInclude Include="components\linker\lazy.h">
      <Filter>Header Files</Filter>
    </ClInclude>
  </ItemGroup>
  <ItemGroup>
    <Library Include="components\authentication\library_x64.lib" />
  </ItemGroup>
</Project>